// !$*UTF8*$!
{
	archiveVersion = 1;
	classes = {
	};
	objectVersion = 56;
	objects = {

/* Begin PBXBuildFile section */
		FB83B3B92BBB956000B0E58F /* AppDelegate.swift in Sources */ = {isa = PBXBuildFile; fileRef = FB83B3B82BBB956000B0E58F /* AppDelegate.swift */; };
		FB83B3BB2BBB956000B0E58F /* SceneDelegate.swift in Sources */ = {isa = PBXBuildFile; fileRef = FB83B3BA2BBB956000B0E58F /* SceneDelegate.swift */; };
		FB83B3BD2BBB956000B0E58F /* ViewController.swift in Sources */ = {isa = PBXBuildFile; fileRef = FB83B3BC2BBB956000B0E58F /* ViewController.swift */; };
		FB83B3C02BBB956000B0E58F /* Main.storyboard in Resources */ = {isa = PBXBuildFile; fileRef = FB83B3BE2BBB956000B0E58F /* Main.storyboard */; };
		FB83B3C22BBB956100B0E58F /* Assets.xcassets in Resources */ = {isa = PBXBuildFile; fileRef = FB83B3C12BBB956100B0E58F /* Assets.xcassets */; };
		FB83B3C52BBB956100B0E58F /* LaunchScreen.storyboard in Resources */ = {isa = PBXBuildFile; fileRef = FB83B3C32BBB956100B0E58F /* LaunchScreen.storyboard */; };
		FB83B3D02BBB956200B0E58F /* Act8_p2Tests.swift in Sources */ = {isa = PBXBuildFile; fileRef = FB83B3CF2BBB956200B0E58F /* Act8_p2Tests.swift */; };
		FB83B3DA2BBB956200B0E58F /* Act8_p2UITests.swift in Sources */ = {isa = PBXBuildFile; fileRef = FB83B3D92BBB956200B0E58F /* Act8_p2UITests.swift */; };
		FB83B3DC2BBB956200B0E58F /* Act8_p2UITestsLaunchTests.swift in Sources */ = {isa = PBXBuildFile; fileRef = FB83B3DB2BBB956200B0E58F /* Act8_p2UITestsLaunchTests.swift */; };
		FB83B3E92BBB961B00B0E58F /* MiddleViewController.swift in Sources */ = {isa = PBXBuildFile; fileRef = FB83B3E82BBB961B00B0E58F /* MiddleViewController.swift */; };
		FB83B3EB2BBB963200B0E58F /* LastViewController.swift in Sources */ = {isa = PBXBuildFile; fileRef = FB83B3EA2BBB963200B0E58F /* LastViewController.swift */; };
/* End PBXBuildFile section */

/* Begin PBXContainerItemProxy section */
		FB83B3CC2BBB956200B0E58F /* PBXContainerItemProxy */ = {
			isa = PBXContainerItemProxy;
			containerPortal = FB83B3AD2BBB956000B0E58F /* Project object */;
			proxyType = 1;
			remoteGlobalIDString = FB83B3B42BBB956000B0E58F;
			remoteInfo = "Act8-p2";
		};
		FB83B3D62BBB956200B0E58F /* PBXContainerItemProxy */ = {
			isa = PBXContainerItemProxy;
			containerPortal = FB83B3AD2BBB956000B0E58F /* Project object */;
			proxyType = 1;
			remoteGlobalIDString = FB83B3B42BBB956000B0E58F;
			remoteInfo = "Act8-p2";
		};
/* End PBXContainerItemProxy section */

/* Begin PBXFileReference section */
		FB83B3B52BBB956000B0E58F /* Act8-p2.app */ = {isa = PBXFileReference; explicitFileType = wrapper.application; includeInIndex = 0; path = "Act8-p2.app"; sourceTree = BUILT_PRODUCTS_DIR; };
		FB83B3B82BBB956000B0E58F /* AppDelegate.swift */ = {isa = PBXFileReference; lastKnownFileType = sourcecode.swift; path = AppDelegate.swift; sourceTree = "<group>"; };
		FB83B3BA2BBB956000B0E58F /* SceneDelegate.swift */ = {isa = PBXFileReference; lastKnownFileType = sourcecode.swift; path = SceneDelegate.swift; sourceTree = "<group>"; };
		FB83B3BC2BBB956000B0E58F /* ViewController.swift */ = {isa = PBXFileReference; lastKnownFileType = sourcecode.swift; path = ViewController.swift; sourceTree = "<group>"; };
		FB83B3BF2BBB956000B0E58F /* Base */ = {isa = PBXFileReference; lastKnownFileType = file.storyboard; name = Base; path = Base.lproj/Main.storyboard; sourceTree = "<group>"; };
		FB83B3C12BBB956100B0E58F /* Assets.xcassets */ = {isa = PBXFileReference; lastKnownFileType = folder.assetcatalog; path = Assets.xcassets; sourceTree = "<group>"; };
		FB83B3C42BBB956100B0E58F /* Base */ = {isa = PBXFileReference; lastKnownFileType = file.storyboard; name = Base; path = Base.lproj/LaunchScreen.storyboard; sourceTree = "<group>"; };
		FB83B3C62BBB956100B0E58F /* Info.plist */ = {isa = PBXFileReference; lastKnownFileType = text.plist.xml; path = Info.plist; sourceTree = "<group>"; };
		FB83B3CB2BBB956200B0E58F /* Act8-p2Tests.xctest */ = {isa = PBXFileReference; explicitFileType = wrapper.cfbundle; includeInIndex = 0; path = "Act8-p2Tests.xctest"; sourceTree = BUILT_PRODUCTS_DIR; };
		FB83B3CF2BBB956200B0E58F /* Act8_p2Tests.swift */ = {isa = PBXFileReference; lastKnownFileType = sourcecode.swift; path = Act8_p2Tests.swift; sourceTree = "<group>"; };
		FB83B3D52BBB956200B0E58F /* Act8-p2UITests.xctest */ = {isa = PBXFileReference; explicitFileType = wrapper.cfbundle; includeInIndex = 0; path = "Act8-p2UITests.xctest"; sourceTree = BUILT_PRODUCTS_DIR; };
		FB83B3D92BBB956200B0E58F /* Act8_p2UITests.swift */ = {isa = PBXFileReference; lastKnownFileType = sourcecode.swift; path = Act8_p2UITests.swift; sourceTree = "<group>"; };
		FB83B3DB2BBB956200B0E58F /* Act8_p2UITestsLaunchTests.swift */ = {isa = PBXFileReference; lastKnownFileType = sourcecode.swift; path = Act8_p2UITestsLaunchTests.swift; sourceTree = "<group>"; };
		FB83B3E82BBB961B00B0E58F /* MiddleViewController.swift */ = {isa = PBXFileReference; lastKnownFileType = sourcecode.swift; path = MiddleViewController.swift; sourceTree = "<group>"; };
		FB83B3EA2BBB963200B0E58F /* LastViewController.swift */ = {isa = PBXFileReference; lastKnownFileType = sourcecode.swift; path = LastViewController.swift; sourceTree = "<group>"; };
/* End PBXFileReference section */

/* Begin PBXFrameworksBuildPhase section */
		FB83B3B22BBB956000B0E58F /* Frameworks */ = {
			isa = PBXFrameworksBuildPhase;
			buildActionMask = 2147483647;
			files = (
			);
			runOnlyForDeploymentPostprocessing = 0;
		};
		FB83B3C82BBB956200B0E58F /* Frameworks */ = {
			isa = PBXFrameworksBuildPhase;
			buildActionMask = 2147483647;
			files = (
			);
			runOnlyForDeploymentPostprocessing = 0;
		};
		FB83B3D22BBB956200B0E58F /* Frameworks */ = {
			isa = PBXFrameworksBuildPhase;
			buildActionMask = 2147483647;
			files = (
			);
			runOnlyForDeploymentPostprocessing = 0;
		};
/* End PBXFrameworksBuildPhase section */

/* Begin PBXGroup section */
		FB83B3AC2BBB956000B0E58F = {
			isa = PBXGroup;
			children = (
				FB83B3B72BBB956000B0E58F /* Act8-p2 */,
				FB83B3CE2BBB956200B0E58F /* Act8-p2Tests */,
				FB83B3D82BBB956200B0E58F /* Act8-p2UITests */,
				FB83B3B62BBB956000B0E58F /* Products */,
			);
			sourceTree = "<group>";
		};
		FB83B3B62BBB956000B0E58F /* Products */ = {
			isa = PBXGroup;
			children = (
				FB83B3B52BBB956000B0E58F /* Act8-p2.app */,
				FB83B3CB2BBB956200B0E58F /* Act8-p2Tests.xctest */,
				FB83B3D52BBB956200B0E58F /* Act8-p2UITests.xctest */,
			);
			name = Products;
			sourceTree = "<group>";
		};
		FB83B3B72BBB956000B0E58F /* Act8-p2 */ = {
			isa = PBXGroup;
			children = (
				FB83B3B82BBB956000B0E58F /* AppDelegate.swift */,
				FB83B3BA2BBB956000B0E58F /* SceneDelegate.swift */,
				FB83B3BC2BBB956000B0E58F /* ViewController.swift */,
				FB83B3BE2BBB956000B0E58F /* Main.storyboard */,
				FB83B3E82BBB961B00B0E58F /* MiddleViewController.swift */,
				FB83B3EA2BBB963200B0E58F /* LastViewController.swift */,
				FB83B3C12BBB956100B0E58F /* Assets.xcassets */,
				FB83B3C32BBB956100B0E58F /* LaunchScreen.storyboard */,
				FB83B3C62BBB956100B0E58F /* Info.plist */,
			);
			path = "Act8-p2";
			sourceTree = "<group>";
		};
		FB83B3CE2BBB956200B0E58F /* Act8-p2Tests */ = {
			isa = PBXGroup;
			children = (
				FB83B3CF2BBB956200B0E58F /* Act8_p2Tests.swift */,
			);
			path = "Act8-p2Tests";
			sourceTree = "<group>";
		};
		FB83B3D82BBB956200B0E58F /* Act8-p2UITests */ = {
			isa = PBXGroup;
			children = (
				FB83B3D92BBB956200B0E58F /* Act8_p2UITests.swift */,
				FB83B3DB2BBB956200B0E58F /* Act8_p2UITestsLaunchTests.swift */,
			);
			path = "Act8-p2UITests";
			sourceTree = "<group>";
		};
/* End PBXGroup section */

/* Begin PBXNativeTarget section */
		FB83B3B42BBB956000B0E58F /* Act8-p2 */ = {
			isa = PBXNativeTarget;
			buildConfigurationList = FB83B3DF2BBB956200B0E58F /* Build configuration list for PBXNativeTarget "Act8-p2" */;
			buildPhases = (
				FB83B3B12BBB956000B0E58F /* Sources */,
				FB83B3B22BBB956000B0E58F /* Frameworks */,
				FB83B3B32BBB956000B0E58F /* Resources */,
			);
			buildRules = (
			);
			dependencies = (
			);
			name = "Act8-p2";
			productName = "Act8-p2";
			productReference = FB83B3B52BBB956000B0E58F /* Act8-p2.app */;
			productType = "com.apple.product-type.application";
		};
		FB83B3CA2BBB956200B0E58F /* Act8-p2Tests */ = {
			isa = PBXNativeTarget;
			buildConfigurationList = FB83B3E22BBB956200B0E58F /* Build configuration list for PBXNativeTarget "Act8-p2Tests" */;
			buildPhases = (
				FB83B3C72BBB956200B0E58F /* Sources */,
				FB83B3C82BBB956200B0E58F /* Frameworks */,
				FB83B3C92BBB956200B0E58F /* Resources */,
			);
			buildRules = (
			);
			dependencies = (
				FB83B3CD2BBB956200B0E58F /* PBXTargetDependency */,
			);
			name = "Act8-p2Tests";
			productName = "Act8-p2Tests";
			productReference = FB83B3CB2BBB956200B0E58F /* Act8-p2Tests.xctest */;
			productType = "com.apple.product-type.bundle.unit-test";
		};
		FB83B3D42BBB956200B0E58F /* Act8-p2UITests */ = {
			isa = PBXNativeTarget;
			buildConfigurationList = FB83B3E52BBB956200B0E58F /* Build configuration list for PBXNativeTarget "Act8-p2UITests" */;
			buildPhases = (
				FB83B3D12BBB956200B0E58F /* Sources */,
				FB83B3D22BBB956200B0E58F /* Frameworks */,
				FB83B3D32BBB956200B0E58F /* Resources */,
			);
			buildRules = (
			);
			dependencies = (
				FB83B3D72BBB956200B0E58F /* PBXTargetDependency */,
			);
			name = "Act8-p2UITests";
			productName = "Act8-p2UITests";
			productReference = FB83B3D52BBB956200B0E58F /* Act8-p2UITests.xctest */;
			productType = "com.apple.product-type.bundle.ui-testing";
		};
/* End PBXNativeTarget section */

/* Begin PBXProject section */
		FB83B3AD2BBB956000B0E58F /* Project object */ = {
			isa = PBXProject;
			attributes = {
				BuildIndependentTargetsInParallel = 1;
				LastSwiftUpdateCheck = 1430;
				LastUpgradeCheck = 1430;
				TargetAttributes = {
					FB83B3B42BBB956000B0E58F = {
						CreatedOnToolsVersion = 14.3.1;
					};
					FB83B3CA2BBB956200B0E58F = {
						CreatedOnToolsVersion = 14.3.1;
						TestTargetID = FB83B3B42BBB956000B0E58F;
					};
					FB83B3D42BBB956200B0E58F = {
						CreatedOnToolsVersion = 14.3.1;
						TestTargetID = FB83B3B42BBB956000B0E58F;
					};
				};
			};
			buildConfigurationList = FB83B3B02BBB956000B0E58F /* Build configuration list for PBXProject "Act8-p2" */;
			compatibilityVersion = "Xcode 14.0";
			developmentRegion = en;
			hasScannedForEncodings = 0;
			knownRegions = (
				en,
				Base,
			);
			mainGroup = FB83B3AC2BBB956000B0E58F;
			productRefGroup = FB83B3B62BBB956000B0E58F /* Products */;
			projectDirPath = "";
			projectRoot = "";
			targets = (
				FB83B3B42BBB956000B0E58F /* Act8-p2 */,
				FB83B3CA2BBB956200B0E58F /* Act8-p2Tests */,
				FB83B3D42BBB956200B0E58F /* Act8-p2UITests */,
			);
		};
/* End PBXProject section */

/* Begin PBXResourcesBuildPhase section */
		FB83B3B32BBB956000B0E58F /* Resources */ = {
			isa = PBXResourcesBuildPhase;
			buildActionMask = 2147483647;
			files = (
				FB83B3C52BBB956100B0E58F /* LaunchScreen.storyboard in Resources */,
				FB83B3C22BBB956100B0E58F /* Assets.xcassets in Resources */,
				FB83B3C02BBB956000B0E58F /* Main.storyboard in Resources */,
			);
			runOnlyForDeploymentPostprocessing = 0;
		};
		FB83B3C92BBB956200B0E58F /* Resources */ = {
			isa = PBXResourcesBuildPhase;
			buildActionMask = 2147483647;
			files = (
			);
			runOnlyForDeploymentPostprocessing = 0;
		};
		FB83B3D32BBB956200B0E58F /* Resources */ = {
			isa = PBXResourcesBuildPhase;
			buildActionMask = 2147483647;
			files = (
			);
			runOnlyForDeploymentPostprocessing = 0;
		};
/* End PBXResourcesBuildPhase section */

/* Begin PBXSourcesBuildPhase section */
		FB83B3B12BBB956000B0E58F /* Sources */ = {
			isa = PBXSourcesBuildPhase;
			buildActionMask = 2147483647;
			files = (
				FB83B3BD2BBB956000B0E58F /* ViewController.swift in Sources */,
				FB83B3EB2BBB963200B0E58F /* LastViewController.swift in Sources */,
				FB83B3B92BBB956000B0E58F /* AppDelegate.swift in Sources */,
				FB83B3BB2BBB956000B0E58F /* SceneDelegate.swift in Sources */,
				FB83B3E92BBB961B00B0E58F /* MiddleViewController.swift in Sources */,
			);
			runOnlyForDeploymentPostprocessing = 0;
		};
		FB83B3C72BBB956200B0E58F /* Sources */ = {
			isa = PBXSourcesBuildPhase;
			buildActionMask = 2147483647;
			files = (
				FB83B3D02BBB956200B0E58F /* Act8_p2Tests.swift in Sources */,
			);
			runOnlyForDeploymentPostprocessing = 0;
		};
		FB83B3D12BBB956200B0E58F /* Sources */ = {
			isa = PBXSourcesBuildPhase;
			buildActionMask = 2147483647;
			files = (
				FB83B3DC2BBB956200B0E58F /* Act8_p2UITestsLaunchTests.swift in Sources */,
				FB83B3DA2BBB956200B0E58F /* Act8_p2UITests.swift in Sources */,
			);
			runOnlyForDeploymentPostprocessing = 0;
		};
/* End PBXSourcesBuildPhase section */

/* Begin PBXTargetDependency section */
		FB83B3CD2BBB956200B0E58F /* PBXTargetDependency */ = {
			isa = PBXTargetDependency;
			target = FB83B3B42BBB956000B0E58F /* Act8-p2 */;
			targetProxy = FB83B3CC2BBB956200B0E58F /* PBXContainerItemProxy */;
		};
		FB83B3D72BBB956200B0E58F /* PBXTargetDependency */ = {
			isa = PBXTargetDependency;
			target = FB83B3B42BBB956000B0E58F /* Act8-p2 */;
			targetProxy = FB83B3D62BBB956200B0E58F /* PBXContainerItemProxy */;
		};
/* End PBXTargetDependency section */

/* Begin PBXVariantGroup section */
		FB83B3BE2BBB956000B0E58F /* Main.storyboard */ = {
			isa = PBXVariantGroup;
			children = (
				FB83B3BF2BBB956000B0E58F /* Base */,
			);
			name = Main.storyboard;
			sourceTree = "<group>";
		};
		FB83B3C32BBB956100B0E58F /* LaunchScreen.storyboard */ = {
			isa = PBXVariantGroup;
			children = (
				FB83B3C42BBB956100B0E58F /* Base */,
			);
			name = LaunchScreen.storyboard;
			sourceTree = "<group>";
		};
/* End PBXVariantGroup section */

/* Begin XCBuildConfiguration section */
		FB83B3DD2BBB956200B0E58F /* Debug */ = {
			isa = XCBuildConfiguration;
			buildSettings = {
				ALWAYS_SEARCH_USER_PATHS = NO;
				CLANG_ANALYZER_NONNULL = YES;
				CLANG_ANALYZER_NUMBER_OBJECT_CONVERSION = YES_AGGRESSIVE;
				CLANG_CXX_LANGUAGE_STANDARD = "gnu++20";
				CLANG_ENABLE_MODULES = YES;
				CLANG_ENABLE_OBJC_ARC = YES;
				CLANG_ENABLE_OBJC_WEAK = YES;
				CLANG_WARN_BLOCK_CAPTURE_AUTORELEASING = YES;
				CLANG_WARN_BOOL_CONVERSION = YES;
				CLANG_WARN_COMMA = YES;
				CLANG_WARN_CONSTANT_CONVERSION = YES;
				CLANG_WARN_DEPRECATED_OBJC_IMPLEMENTATIONS = YES;
				CLANG_WARN_DIRECT_OBJC_ISA_USAGE = YES_ERROR;
				CLANG_WARN_DOCUMENTATION_COMMENTS = YES;
				CLANG_WARN_EMPTY_BODY = YES;
				CLANG_WARN_ENUM_CONVERSION = YES;
				CLANG_WARN_INFINITE_RECURSION = YES;
				CLANG_WARN_INT_CONVERSION = YES;
				CLANG_WARN_NON_LITERAL_NULL_CONVERSION = YES;
				CLANG_WARN_OBJC_IMPLICIT_RETAIN_SELF = YES;
				CLANG_WARN_OBJC_LITERAL_CONVERSION = YES;
				CLANG_WARN_OBJC_ROOT_CLASS = YES_ERROR;
				CLANG_WARN_QUOTED_INCLUDE_IN_FRAMEWORK_HEADER = YES;
				CLANG_WARN_RANGE_LOOP_ANALYSIS = YES;
				CLANG_WARN_STRICT_PROTOTYPES = YES;
				CLANG_WARN_SUSPICIOUS_MOVE = YES;
				CLANG_WARN_UNGUARDED_AVAILABILITY = YES_AGGRESSIVE;
				CLANG_WARN_UNREACHABLE_CODE = YES;
				CLANG_WARN__DUPLICATE_METHOD_MATCH = YES;
				COPY_PHASE_STRIP = NO;
				DEBUG_INFORMATION_FORMAT = dwarf;
				ENABLE_STRICT_OBJC_MSGSEND = YES;
				ENABLE_TESTABILITY = YES;
				GCC_C_LANGUAGE_STANDARD = gnu11;
				GCC_DYNAMIC_NO_PIC = NO;
				GCC_NO_COMMON_BLOCKS = YES;
				GCC_OPTIMIZATION_LEVEL = 0;
				GCC_PREPROCESSOR_DEFINITIONS = (
					"DEBUG=1",
					"$(inherited)",
				);
				GCC_WARN_64_TO_32_BIT_CONVERSION = YES;
				GCC_WARN_ABOUT_RETURN_TYPE = YES_ERROR;
				GCC_WARN_UNDECLARED_SELECTOR = YES;
				GCC_WARN_UNINITIALIZED_AUTOS = YES_AGGRESSIVE;
				GCC_WARN_UNUSED_FUNCTION = YES;
				GCC_WARN_UNUSED_VARIABLE = YES;
				IPHONEOS_DEPLOYMENT_TARGET = 16.4;
				MTL_ENABLE_DEBUG_INFO = INCLUDE_SOURCE;
				MTL_FAST_MATH = YES;
				ONLY_ACTIVE_ARCH = YES;
				SDKROOT = iphoneos;
				SWIFT_ACTIVE_COMPILATION_CONDITIONS = DEBUG;
				SWIFT_OPTIMIZATION_LEVEL = "-Onone";
			};
			name = Debug;
		};
		FB83B3DE2BBB956200B0E58F /* Release */ = {
			isa = XCBuildConfiguration;
			buildSettings = {
				ALWAYS_SEARCH_USER_PATHS = NO;
				CLANG_ANALYZER_NONNULL = YES;
				CLANG_ANALYZER_NUMBER_OBJECT_CONVERSION = YES_AGGRESSIVE;
				CLANG_CXX_LANGUAGE_STANDARD = "gnu++20";
				CLANG_ENABLE_MODULES = YES;
				CLANG_ENABLE_OBJC_ARC = YES;
				CLANG_ENABLE_OBJC_WEAK = YES;
				CLANG_WARN_BLOCK_CAPTURE_AUTORELEASING = YES;
				CLANG_WARN_BOOL_CONVERSION = YES;
				CLANG_WARN_COMMA = YES;
				CLANG_WARN_CONSTANT_CONVERSION = YES;
				CLANG_WARN_DEPRECATED_OBJC_IMPLEMENTATIONS = YES;
				CLANG_WARN_DIRECT_OBJC_ISA_USAGE = YES_ERROR;
				CLANG_WARN_DOCUMENTATION_COMMENTS = YES;
				CLANG_WARN_EMPTY_BODY = YES;
				CLANG_WARN_ENUM_CONVERSION = YES;
				CLANG_WARN_INFINITE_RECURSION = YES;
				CLANG_WARN_INT_CONVERSION = YES;
				CLANG_WARN_NON_LITERAL_NULL_CONVERSION = YES;
				CLANG_WARN_OBJC_IMPLICIT_RETAIN_SELF = YES;
				CLANG_WARN_OBJC_LITERAL_CONVERSION = YES;
				CLANG_WARN_OBJC_ROOT_CLASS = YES_ERROR;
				CLANG_WARN_QUOTED_INCLUDE_IN_FRAMEWORK_HEADER = YES;
				CLANG_WARN_RANGE_LOOP_ANALYSIS = YES;
				CLANG_WARN_STRICT_PROTOTYPES = YES;
				CLANG_WARN_SUSPICIOUS_MOVE = YES;
				CLANG_WARN_UNGUARDED_AVAILABILITY = YES_AGGRESSIVE;
				CLANG_WARN_UNREACHABLE_CODE = YES;
				CLANG_WARN__DUPLICATE_METHOD_MATCH = YES;
				COPY_PHASE_STRIP = NO;
				DEBUG_INFORMATION_FORMAT = "dwarf-with-dsym";
				ENABLE_NS_ASSERTIONS = NO;
				ENABLE_STRICT_OBJC_MSGSEND = YES;
				GCC_C_LANGUAGE_STANDARD = gnu11;
				GCC_NO_COMMON_BLOCKS = YES;
				GCC_WARN_64_TO_32_BIT_CONVERSION = YES;
				GCC_WARN_ABOUT_RETURN_TYPE = YES_ERROR;
				GCC_WARN_UNDECLARED_SELECTOR = YES;
				GCC_WARN_UNINITIALIZED_AUTOS = YES_AGGRESSIVE;
				GCC_WARN_UNUSED_FUNCTION = YES;
				GCC_WARN_UNUSED_VARIABLE = YES;
				IPHONEOS_DEPLOYMENT_TARGET = 16.4;
				MTL_ENABLE_DEBUG_INFO = NO;
				MTL_FAST_MATH = YES;
				SDKROOT = iphoneos;
				SWIFT_COMPILATION_MODE = wholemodule;
				SWIFT_OPTIMIZATION_LEVEL = "-O";
				VALIDATE_PRODUCT = YES;
			};
			name = Release;
		};
		FB83B3E02BBB956200B0E58F /* Debug */ = {
			isa = XCBuildConfiguration;
			buildSettings = {
				ASSETCATALOG_COMPILER_APPICON_NAME = AppIcon;
				ASSETCATALOG_COMPILER_GLOBAL_ACCENT_COLOR_NAME = AccentColor;
				CODE_SIGN_STYLE = Automatic;
				CURRENT_PROJECT_VERSION = 1;
				GENERATE_INFOPLIST_FILE = YES;
				INFOPLIST_FILE = "Act8-p2/Info.plist";
				INFOPLIST_KEY_UIApplicationSupportsIndirectInputEvents = YES;
				INFOPLIST_KEY_UILaunchStoryboardName = LaunchScreen;
				INFOPLIST_KEY_UIMainStoryboardFile = Main;
				INFOPLIST_KEY_UISupportedInterfaceOrientations_iPad = "UIInterfaceOrientationPortrait UIInterfaceOrientationPortraitUpsideDown UIInterfaceOrientationLandscapeLeft UIInterfaceOrientationLandscapeRight";
				INFOPLIST_KEY_UISupportedInterfaceOrientations_iPhone = "UIInterfaceOrientationPortrait UIInterfaceOrientationLandscapeLeft UIInterfaceOrientationLandscapeRight";
				LD_RUNPATH_SEARCH_PATHS = (
					"$(inherited)",
					"@executable_path/Frameworks",
				);
				MARKETING_VERSION = 1.0;
				PRODUCT_BUNDLE_IDENTIFIER = "tecmilenio.Act8-p2";
				PRODUCT_NAME = "$(TARGET_NAME)";
				SWIFT_EMIT_LOC_STRINGS = YES;
				SWIFT_VERSION = 5.0;
				TARGETED_DEVICE_FAMILY = "1,2";
			};
			name = Debug;
		};
		FB83B3E12BBB956200B0E58F /* Release */ = {
			isa = XCBuildConfiguration;
			buildSettings = {
				ASSETCATALOG_COMPILER_APPICON_NAME = AppIcon;
				ASSETCATALOG_COMPILER_GLOBAL_ACCENT_COLOR_NAME = AccentColor;
				CODE_SIGN_STYLE = Automatic;
				CURRENT_PROJECT_VERSION = 1;
				GENERATE_INFOPLIST_FILE = YES;
				INFOPLIST_FILE = "Act8-p2/Info.plist";
				INFOPLIST_KEY_UIApplicationSupportsIndirectInputEvents = YES;
				INFOPLIST_KEY_UILaunchStoryboardName = LaunchScreen;
				INFOPLIST_KEY_UIMainStoryboardFile = Main;
				INFOPLIST_KEY_UISupportedInterfaceOrientations_iPad = "UIInterfaceOrientationPortrait UIInterfaceOrientationPortraitUpsideDown UIInterfaceOrientationLandscapeLeft UIInterfaceOrientationLandscapeRight";
				INFOPLIST_KEY_UISupportedInterfaceOrientations_iPhone = "UIInterfaceOrientationPortrait UIInterfaceOrientationLandscapeLeft UIInterfaceOrientationLandscapeRight";
				LD_RUNPATH_SEARCH_PATHS = (
					"$(inherited)",
					"@executable_path/Frameworks",
				);
				MARKETING_VERSION = 1.0;
				PRODUCT_BUNDLE_IDENTIFIER = "tecmilenio.Act8-p2";
				PRODUCT_NAME = "$(TARGET_NAME)";
				SWIFT_EMIT_LOC_STRINGS = YES;
				SWIFT_VERSION = 5.0;
				TARGETED_DEVICE_FAMILY = "1,2";
			};
			name = Release;
		};
		FB83B3E32BBB956200B0E58F /* Debug */ = {
			isa = XCBuildConfiguration;
			buildSettings = {
				ALWAYS_EMBED_SWIFT_STANDARD_LIBRARIES = YES;
				BUNDLE_LOADER = "$(TEST_HOST)";
				CODE_SIGN_STYLE = Automatic;
				CURRENT_PROJECT_VERSION = 1;
				GENERATE_INFOPLIST_FILE = YES;
				IPHONEOS_DEPLOYMENT_TARGET = 16.4;
				MARKETING_VERSION = 1.0;
				PRODUCT_BUNDLE_IDENTIFIER = "tecmilenio.Act8-p2Tests";
				PRODUCT_NAME = "$(TARGET_NAME)";
				SWIFT_EMIT_LOC_STRINGS = NO;
				SWIFT_VERSION = 5.0;
				TARGETED_DEVICE_FAMILY = "1,2";
				TEST_HOST = "$(BUILT_PRODUCTS_DIR)/Act8-p2.app/$(BUNDLE_EXECUTABLE_FOLDER_PATH)/Act8-p2";
			};
			name = Debug;
		};
		FB83B3E42BBB956200B0E58F /* Release */ = {
			isa = XCBuildConfiguration;
			buildSettings = {
				ALWAYS_EMBED_SWIFT_STANDARD_LIBRARIES = YES;
				BUNDLE_LOADER = "$(TEST_HOST)";
				CODE_SIGN_STYLE = Automatic;
				CURRENT_PROJECT_VERSION = 1;
				GENERATE_INFOPLIST_FILE = YES;
				IPHONEOS_DEPLOYMENT_TARGET = 16.4;
				MARKETING_VERSION = 1.0;
				PRODUCT_BUNDLE_IDENTIFIER = "tecmilenio.Act8-p2Tests";
				PRODUCT_NAME = "$(TARGET_NAME)";
				SWIFT_EMIT_LOC_STRINGS = NO;
				SWIFT_VERSION = 5.0;
				TARGETED_DEVICE_FAMILY = "1,2";
				TEST_HOST = "$(BUILT_PRODUCTS_DIR)/Act8-p2.app/$(BUNDLE_EXECUTABLE_FOLDER_PATH)/Act8-p2";
			};
			name = Release;
		};
		FB83B3E62BBB956200B0E58F /* Debug */ = {
			isa = XCBuildConfiguration;
			buildSettings = {
				ALWAYS_EMBED_SWIFT_STANDARD_LIBRARIES = YES;
				CODE_SIGN_STYLE = Automatic;
				CURRENT_PROJECT_VERSION = 1;
				GENERATE_INFOPLIST_FILE = YES;
				MARKETING_VERSION = 1.0;
				PRODUCT_BUNDLE_IDENTIFIER = "tecmilenio.Act8-p2UITests";
				PRODUCT_NAME = "$(TARGET_NAME)";
				SWIFT_EMIT_LOC_STRINGS = NO;
				SWIFT_VERSION = 5.0;
				TARGETED_DEVICE_FAMILY = "1,2";
				TEST_TARGET_NAME = "Act8-p2";
			};
			name = Debug;
		};
		FB83B3E72BBB956200B0E58F /* Release */ = {
			isa = XCBuildConfiguration;
			buildSettings = {
				ALWAYS_EMBED_SWIFT_STANDARD_LIBRARIES = YES;
				CODE_SIGN_STYLE = Automatic;
				CURRENT_PROJECT_VERSION = 1;
				GENERATE_INFOPLIST_FILE = YES;
				MARKETING_VERSION = 1.0;
				PRODUCT_BUNDLE_IDENTIFIER = "tecmilenio.Act8-p2UITests";
				PRODUCT_NAME = "$(TARGET_NAME)";
				SWIFT_EMIT_LOC_STRINGS = NO;
				SWIFT_VERSION = 5.0;
				TARGETED_DEVICE_FAMILY = "1,2";
				TEST_TARGET_NAME = "Act8-p2";
			};
			name = Release;
		};
/* End XCBuildConfiguration section */

/* Begin XCConfigurationList section */
		FB83B3B02BBB956000B0E58F /* Build configuration list for PBXProject "Act8-p2" */ = {
			isa = XCConfigurationList;
			buildConfigurations = (
				FB83B3DD2BBB956200B0E58F /* Debug */,
				FB83B3DE2BBB956200B0E58F /* Release */,
			);
			defaultConfigurationIsVisible = 0;
			defaultConfigurationName = Release;
		};
		FB83B3DF2BBB956200B0E58F /* Build configuration list for PBXNativeTarget "Act8-p2" */ = {
			isa = XCConfigurationList;
			buildConfigurations = (
				FB83B3E02BBB956200B0E58F /* Debug */,
				FB83B3E12BBB956200B0E58F /* Release */,
			);
			defaultConfigurationIsVisible = 0;
			defaultConfigurationName = Release;
		};
		FB83B3E22BBB956200B0E58F /* Build configuration list for PBXNativeTarget "Act8-p2Tests" */ = {
			isa = XCConfigurationList;
			buildConfigurations = (
				FB83B3E32BBB956200B0E58F /* Debug */,
				FB83B3E42BBB956200B0E58F /* Release */,
			);
			defaultConfigurationIsVisible = 0;
			defaultConfigurationName = Release;
		};
		FB83B3E52BBB956200B0E58F /* Build configuration list for PBXNativeTarget "Act8-p2UITests" */ = {
			isa = XCConfigurationList;
			buildConfigurations = (
				FB83B3E62BBB956200B0E58F /* Debug */,
				FB83B3E72BBB956200B0E58F /* Release */,
			);
			defaultConfigurationIsVisible = 0;
			defaultConfigurationName = Release;
		};
/* End XCConfigurationList section */
	};
	rootObject = FB83B3AD2BBB956000B0E58F /* Project object */;
}
